
Microsoft Visual Studio Solution File, Format Version 12.00
# Visual Studio Version 16
VisualStudioVersion = 16.0.31402.337
MinimumVisualStudioVersion = 10.0.40219.1
Project("{FAE04EC0-301F-11D3-BF4B-00C04F79EFBC}") = "Register", "Register\Register.csproj", "{587DA723-22F8-42A4-BD2C-1301B0C6A1C0}"
EndProject
Global
	GlobalSection(SolutionConfigurationPlatforms) = preSolution
		Debug|Any CPU = Debug|Any CPU
		Release|Any CPU = Release|Any CPU
	EndGlobalSection
	GlobalSection(ProjectConfigurationPlatforms) = postSolution
		{587DA723-22F8-42A4-BD2C-1301B0C6A1C0}.Debug|Any CPU.ActiveCfg = Debug|Any CPU
		{587DA723-22F8-42A4-BD2C-1301B0C6A1C0}.Debug|Any CPU.Build.0 = Debug|Any CPU
		{587DA723-22F8-42A4-BD2C-1301B0C6A1C0}.Release|Any CPU.ActiveCfg = Release|Any CPU
		{587DA723-22F8-42A4-BD2C-1301B0C6A1C0}.Release|Any CPU.Build.0 = Release|Any CPU
	EndGlobalSection
	GlobalSection(SolutionProperties) = preSolution
		HideSolutionNode = FALSE
	EndGlobalSection
	GlobalSection(ExtensibilityGlobals) = postSolution
		SolutionGuid = {7A299A8A-7849-4093-94A9-BF2120DC2966}
	EndGlobalSection
EndGlobal
